
Microsoft Visual Studio Solution File, Format Version 12.00
# Visual Studio Version 17
VisualStudioVersion = 17.5.33502.453
MinimumVisualStudioVersion = 10.0.40219.1
Project("{9A19103F-16F7-4668-BE54-9A1E7A4F7556}") = "ClipboardToolForBakin2", "ClipboardToolForBakin\ClipboardToolForBakin2.csproj", "{E4C7C6AD-DDD7-4234-89C9-1AD248C7BFB7}"
EndProject
Global
	GlobalSection(SolutionConfigurationPlatforms) = preSolution
		Debug|Any CPU = Debug|Any CPU
		Release|Any CPU = Release|Any CPU
	EndGlobalSection
	GlobalSection(ProjectConfigurationPlatforms) = postSolution
		{E4C7C6AD-DDD7-4234-89C9-1AD248C7BFB7}.Debug|Any CPU.ActiveCfg = Debug|Any CPU
		{E4C7C6AD-DDD7-4234-89C9-1AD248C7BFB7}.Debug|Any CPU.Build.0 = Debug|Any CPU
		{E4C7C6AD-DDD7-4234-89C9-1AD248C7BFB7}.Release|Any CPU.ActiveCfg = Release|Any CPU
		{E4C7C6AD-DDD7-4234-89C9-1AD248C7BFB7}.Release|Any CPU.Build.0 = Release|Any CPU
	EndGlobalSection
	GlobalSection(SolutionProperties) = preSolution
		HideSolutionNode = FALSE
	EndGlobalSection
	GlobalSection(ExtensibilityGlobals) = postSolution
		SolutionGuid = {96DF2BF6-4C14-4AAC-9F60-5AB72D20C313}
	EndGlobalSection
EndGlobal
